
Microsoft Visual Studio Solution File, Format Version 12.00
# Visual Studio 15
VisualStudioVersion = 15.0.26730.10
MinimumVisualStudioVersion = 10.0.40219.1
Project("{9A19103F-16F7-4668-BE54-9A1E7A4F7556}") = "Domtar.MOTS_20.Web", "Domtar.MOTS_20.Web\Domtar.MOTS_20.Web.csproj", "{90C2400B-62A6-4DDE-9BFB-987A4C454E9F}"
EndProject
Project("{FAE04EC0-301F-11D3-BF4B-00C04F79EFBC}") = "Domtar.MOTS_20.DataAccess", "Domtar.MOTS_20.DataAccess\Domtar.MOTS_20.DataAccess.csproj", "{28DD0147-76DD-49E2-9680-9ED737B453A8}"
EndProject
Project("{FAE04EC0-301F-11D3-BF4B-00C04F79EFBC}") = "Domtar.MOTS_20.Models", "Domtar.MOTS_20.Models\Domtar.MOTS_20.Models.csproj", "{F3F81991-14F9-4929-9F59-D46B73C3691F}"
EndProject
Global
	GlobalSection(SolutionConfigurationPlatforms) = preSolution
		Debug|Any CPU = Debug|Any CPU
		Debug-local|Any CPU = Debug-local|Any CPU
		Dev|Any CPU = Dev|Any CPU
		QA|Any CPU = QA|Any CPU
		Release|Any CPU = Release|Any CPU
		UAT|Any CPU = UAT|Any CPU
	EndGlobalSection
	GlobalSection(ProjectConfigurationPlatforms) = postSolution
		{90C2400B-62A6-4DDE-9BFB-987A4C454E9F}.Debug|Any CPU.ActiveCfg = Debug|Any CPU
		{90C2400B-62A6-4DDE-9BFB-987A4C454E9F}.Debug|Any CPU.Build.0 = Debug|Any CPU
		{90C2400B-62A6-4DDE-9BFB-987A4C454E9F}.Debug-local|Any CPU.ActiveCfg = Debug|Any CPU
		{90C2400B-62A6-4DDE-9BFB-987A4C454E9F}.Debug-local|Any CPU.Build.0 = Debug|Any CPU
		{90C2400B-62A6-4DDE-9BFB-987A4C454E9F}.Dev|Any CPU.ActiveCfg = Debug|Any CPU
		{90C2400B-62A6-4DDE-9BFB-987A4C454E9F}.Dev|Any CPU.Build.0 = Debug|Any CPU
		{90C2400B-62A6-4DDE-9BFB-987A4C454E9F}.QA|Any CPU.ActiveCfg = Release|Any CPU
		{90C2400B-62A6-4DDE-9BFB-987A4C454E9F}.QA|Any CPU.Build.0 = Release|Any CPU
		{90C2400B-62A6-4DDE-9BFB-987A4C454E9F}.Release|Any CPU.ActiveCfg = Release|Any CPU
		{90C2400B-62A6-4DDE-9BFB-987A4C454E9F}.Release|Any CPU.Build.0 = Release|Any CPU
		{90C2400B-62A6-4DDE-9BFB-987A4C454E9F}.UAT|Any CPU.ActiveCfg = Release|Any CPU
		{90C2400B-62A6-4DDE-9BFB-987A4C454E9F}.UAT|Any CPU.Build.0 = Release|Any CPU
		{28DD0147-76DD-49E2-9680-9ED737B453A8}.Debug|Any CPU.ActiveCfg = Debug|Any CPU
		{28DD0147-76DD-49E2-9680-9ED737B453A8}.Debug|Any CPU.Build.0 = Debug|Any CPU
		{28DD0147-76DD-49E2-9680-9ED737B453A8}.Debug-local|Any CPU.ActiveCfg = Debug-local|Any CPU
		{28DD0147-76DD-49E2-9680-9ED737B453A8}.Debug-local|Any CPU.Build.0 = Debug-local|Any CPU
		{28DD0147-76DD-49E2-9680-9ED737B453A8}.Dev|Any CPU.ActiveCfg = Dev|Any CPU
		{28DD0147-76DD-49E2-9680-9ED737B453A8}.Dev|Any CPU.Build.0 = Dev|Any CPU
		{28DD0147-76DD-49E2-9680-9ED737B453A8}.QA|Any CPU.ActiveCfg = QA|Any CPU
		{28DD0147-76DD-49E2-9680-9ED737B453A8}.QA|Any CPU.Build.0 = QA|Any CPU
		{28DD0147-76DD-49E2-9680-9ED737B453A8}.Release|Any CPU.ActiveCfg = Release|Any CPU
		{28DD0147-76DD-49E2-9680-9ED737B453A8}.Release|Any CPU.Build.0 = Release|Any CPU
		{28DD0147-76DD-49E2-9680-9ED737B453A8}.UAT|Any CPU.ActiveCfg = UAT|Any CPU
		{28DD0147-76DD-49E2-9680-9ED737B453A8}.UAT|Any CPU.Build.0 = UAT|Any CPU
		{F3F81991-14F9-4929-9F59-D46B73C3691F}.Debug|Any CPU.ActiveCfg = Debug|Any CPU
		{F3F81991-14F9-4929-9F59-D46B73C3691F}.Debug|Any CPU.Build.0 = Debug|Any CPU
		{F3F81991-14F9-4929-9F59-D46B73C3691F}.Debug-local|Any CPU.ActiveCfg = Debug-local|Any CPU
		{F3F81991-14F9-4929-9F59-D46B73C3691F}.Debug-local|Any CPU.Build.0 = Debug-local|Any CPU
		{F3F81991-14F9-4929-9F59-D46B73C3691F}.Dev|Any CPU.ActiveCfg = Dev|Any CPU
		{F3F81991-14F9-4929-9F59-D46B73C3691F}.Dev|Any CPU.Build.0 = Dev|Any CPU
		{F3F81991-14F9-4929-9F59-D46B73C3691F}.QA|Any CPU.ActiveCfg = QA|Any CPU
		{F3F81991-14F9-4929-9F59-D46B73C3691F}.QA|Any CPU.Build.0 = QA|Any CPU
		{F3F81991-14F9-4929-9F59-D46B73C3691F}.Release|Any CPU.ActiveCfg = Release|Any CPU
		{F3F81991-14F9-4929-9F59-D46B73C3691F}.Release|Any CPU.Build.0 = Release|Any CPU
		{F3F81991-14F9-4929-9F59-D46B73C3691F}.UAT|Any CPU.ActiveCfg = UAT|Any CPU
		{F3F81991-14F9-4929-9F59-D46B73C3691F}.UAT|Any CPU.Build.0 = UAT|Any CPU
	EndGlobalSection
	GlobalSection(SolutionProperties) = preSolution
		HideSolutionNode = FALSE
	EndGlobalSection
	GlobalSection(ExtensibilityGlobals) = postSolution
		SolutionGuid = {3B8EE8B7-1EFD-469B-B1B8-833022EF1F38}
	EndGlobalSection
EndGlobal
